
Microsoft Visual Studio Solution File, Format Version 12.00
# Visual Studio Version 16
VisualStudioVersion = 16.0.29519.181
MinimumVisualStudioVersion = 10.0.40219.1
Project("{FAE04EC0-301F-11D3-BF4B-00C04F79EFBC}") = "Passion-project-portfolio", "Passion-project-portfolio\Passion-project-portfolio.csproj", "{4659896B-515D-4F65-9169-6F9BFB7BE4AE}"
EndProject
Global
	GlobalSection(SolutionConfigurationPlatforms) = preSolution
		Debug|Any CPU = Debug|Any CPU
		Release|Any CPU = Release|Any CPU
	EndGlobalSection
	GlobalSection(ProjectConfigurationPlatforms) = postSolution
		{4659896B-515D-4F65-9169-6F9BFB7BE4AE}.Debug|Any CPU.ActiveCfg = Debug|Any CPU
		{4659896B-515D-4F65-9169-6F9BFB7BE4AE}.Debug|Any CPU.Build.0 = Debug|Any CPU
		{4659896B-515D-4F65-9169-6F9BFB7BE4AE}.Release|Any CPU.ActiveCfg = Release|Any CPU
		{4659896B-515D-4F65-9169-6F9BFB7BE4AE}.Release|Any CPU.Build.0 = Release|Any CPU
	EndGlobalSection
	GlobalSection(SolutionProperties) = preSolution
		HideSolutionNode = FALSE
	EndGlobalSection
	GlobalSection(ExtensibilityGlobals) = postSolution
		SolutionGuid = {9773B146-6EB3-44E0-9620-F050D4B295D1}
	EndGlobalSection
EndGlobal
